
Microsoft Visual Studio Solution File, Format Version 12.00
# Visual Studio Version 16
VisualStudioVersion = 16.0.808.6
MinimumVisualStudioVersion = 10.0.40219.1
Project("{FAE04EC0-301F-11D3-BF4B-00C04F79EFBC}") = "RoverConsoleApp", "RoverConsoleApp\RoverConsoleApp.csproj", "{03D28401-661B-487A-9392-5A6EEB4384C0}"
EndProject
Project("{FAE04EC0-301F-11D3-BF4B-00C04F79EFBC}") = "RoverConsoleAppTest", "RoverConsoleAppTest\RoverConsoleAppTest.csproj", "{C50F1369-E83B-45F8-A93A-812801C026EF}"
EndProject
Global
	GlobalSection(SolutionConfigurationPlatforms) = preSolution
		Debug|Any CPU = Debug|Any CPU
		Release|Any CPU = Release|Any CPU
	EndGlobalSection
	GlobalSection(ProjectConfigurationPlatforms) = postSolution
		{03D28401-661B-487A-9392-5A6EEB4384C0}.Debug|Any CPU.ActiveCfg = Debug|Any CPU
		{03D28401-661B-487A-9392-5A6EEB4384C0}.Debug|Any CPU.Build.0 = Debug|Any CPU
		{03D28401-661B-487A-9392-5A6EEB4384C0}.Release|Any CPU.ActiveCfg = Release|Any CPU
		{03D28401-661B-487A-9392-5A6EEB4384C0}.Release|Any CPU.Build.0 = Release|Any CPU
		{C50F1369-E83B-45F8-A93A-812801C026EF}.Debug|Any CPU.ActiveCfg = Debug|Any CPU
		{C50F1369-E83B-45F8-A93A-812801C026EF}.Debug|Any CPU.Build.0 = Debug|Any CPU
		{C50F1369-E83B-45F8-A93A-812801C026EF}.Release|Any CPU.ActiveCfg = Release|Any CPU
		{C50F1369-E83B-45F8-A93A-812801C026EF}.Release|Any CPU.Build.0 = Release|Any CPU
	EndGlobalSection
	GlobalSection(SolutionProperties) = preSolution
		HideSolutionNode = FALSE
	EndGlobalSection
	GlobalSection(ExtensibilityGlobals) = postSolution
		SolutionGuid = {219FF019-5A09-487A-A216-0DD03A6F0005}
	EndGlobalSection
EndGlobal
